{
  "nodes": {
    "flake-utils": {
      "locked": {
        "lastModified": 1656928814,
        "narHash": "sha256-RIFfgBuKz6Hp89yRr7+NR5tzIAbn52h8vT6vXkYjZoM=",
        "owner": "numtide",
        "repo": "flake-utils",
        "rev": "7e2a3b3dfd9af950a856d66b0a7d01e3c18aa249",
        "type": "github"
      },
      "original": {
        "owner": "numtide",
        "repo": "flake-utils",
        "type": "github"
      }
    },
    "nixpkgs": {
      "inputs": {
        "nixpkgs": "nixpkgs_2"
      },
      "locked": {
        "lastModified": 0,
        "narHash": "sha256-v3HvBn/AHvt8t8OPQOMhXIP29zabvRsyhlQHpN7uSAk=",
        "path": "/nix/store/5nvp2wsy4bkf813yqw4ywk9zm6279h8k-source",
        "type": "path"
      },
      "original": {
        "path": "/nix/store/5nvp2wsy4bkf813yqw4ywk9zm6279h8k-source",
        "type": "path"
      }
    },
    "nixpkgs_2": {
      "locked": {
        "lastModified": 1658918847,
        "narHash": "sha256-9Afe1mS3vc9Hn5oGEDek1CcDAeLbDiR98zEEtvrDQbo=",
        "owner": "NixOS",
        "repo": "nixpkgs",
        "rev": "836cef982933b5bec26c9996c692bd716a8b6d18",
        "type": "github"
      },
      "original": {
        "owner": "NixOS",
        "repo": "nixpkgs",
        "type": "github"
      }
    },
    "root": {
      "inputs": {
        "flake-utils": "flake-utils",
        "nixpkgs": "nixpkgs"
      }
    }
  },
  "root": "root",
  "version": 7
}
